
Microsoft Visual Studio Solution File, Format Version 12.00
# Visual Studio Version 17
VisualStudioVersion = 17.7.34031.279
MinimumVisualStudioVersion = 10.0.40219.1
Project("{FAE04EC0-301F-11D3-BF4B-00C04F79EFBC}") = "LampagoFinalPro", "LampagoFinalPro\LampagoFinalPro.csproj", "{6BA0C0CE-97C5-45C5-9B8A-E046694F6A20}"
EndProject
Global
	GlobalSection(SolutionConfigurationPlatforms) = preSolution
		Debug|Any CPU = Debug|Any CPU
		Release|Any CPU = Release|Any CPU
	EndGlobalSection
	GlobalSection(ProjectConfigurationPlatforms) = postSolution
		{6BA0C0CE-97C5-45C5-9B8A-E046694F6A20}.Debug|Any CPU.ActiveCfg = Debug|Any CPU
		{6BA0C0CE-97C5-45C5-9B8A-E046694F6A20}.Debug|Any CPU.Build.0 = Debug|Any CPU
		{6BA0C0CE-97C5-45C5-9B8A-E046694F6A20}.Release|Any CPU.ActiveCfg = Release|Any CPU
		{6BA0C0CE-97C5-45C5-9B8A-E046694F6A20}.Release|Any CPU.Build.0 = Release|Any CPU
	EndGlobalSection
	GlobalSection(SolutionProperties) = preSolution
		HideSolutionNode = FALSE
	EndGlobalSection
	GlobalSection(ExtensibilityGlobals) = postSolution
		SolutionGuid = {A807CCCC-73E2-43EE-A5C7-A3C15904E379}
	EndGlobalSection
EndGlobal
